
Microsoft Visual Studio Solution File, Format Version 12.00
# Visual Studio Version 16
VisualStudioVersion = 16.0.32602.291
MinimumVisualStudioVersion = 10.0.40219.1
Project("{9A19103F-16F7-4668-BE54-9A1E7A4F7556}") = "Spisuci", "Spisuci\Spisuci.csproj", "{83D11787-C428-4C35-8887-55DDCAC028DA}"
EndProject
Project("{9A19103F-16F7-4668-BE54-9A1E7A4F7556}") = "Zad2", "Zad2\Zad2.csproj", "{AD5DBF2B-C9EC-4ADE-96E5-239AEAB7A17B}"
EndProject
Project("{9A19103F-16F7-4668-BE54-9A1E7A4F7556}") = "Zad 3", "Zad 3\Zad 3.csproj", "{11144315-C1DF-4021-926B-A3FD86424F46}"
EndProject
Project("{9A19103F-16F7-4668-BE54-9A1E7A4F7556}") = "zad 5", "zad 4\zad 5.csproj", "{8CFBDE19-8205-423C-92E4-C2DE419F68A9}"
EndProject
Project("{9A19103F-16F7-4668-BE54-9A1E7A4F7556}") = "Zad 4.1", "Zad 4.1\Zad 4.1.csproj", "{7830CE5C-BC24-463A-B347-CD2A1BAC20DB}"
EndProject
Project("{FAE04EC0-301F-11D3-BF4B-00C04F79EFBC}") = "Zad6", "Zad6\Zad6.csproj", "{DDE04BD6-5B25-4273-8B27-815768A420CD}"
EndProject
Global
	GlobalSection(SolutionConfigurationPlatforms) = preSolution
		Debug|Any CPU = Debug|Any CPU
		Release|Any CPU = Release|Any CPU
	EndGlobalSection
	GlobalSection(ProjectConfigurationPlatforms) = postSolution
		{83D11787-C428-4C35-8887-55DDCAC028DA}.Debug|Any CPU.ActiveCfg = Debug|Any CPU
		{83D11787-C428-4C35-8887-55DDCAC028DA}.Debug|Any CPU.Build.0 = Debug|Any CPU
		{83D11787-C428-4C35-8887-55DDCAC028DA}.Release|Any CPU.ActiveCfg = Release|Any CPU
		{83D11787-C428-4C35-8887-55DDCAC028DA}.Release|Any CPU.Build.0 = Release|Any CPU
		{AD5DBF2B-C9EC-4ADE-96E5-239AEAB7A17B}.Debug|Any CPU.ActiveCfg = Debug|Any CPU
		{AD5DBF2B-C9EC-4ADE-96E5-239AEAB7A17B}.Debug|Any CPU.Build.0 = Debug|Any CPU
		{AD5DBF2B-C9EC-4ADE-96E5-239AEAB7A17B}.Release|Any CPU.ActiveCfg = Release|Any CPU
		{AD5DBF2B-C9EC-4ADE-96E5-239AEAB7A17B}.Release|Any CPU.Build.0 = Release|Any CPU
		{11144315-C1DF-4021-926B-A3FD86424F46}.Debug|Any CPU.ActiveCfg = Debug|Any CPU
		{11144315-C1DF-4021-926B-A3FD86424F46}.Debug|Any CPU.Build.0 = Debug|Any CPU
		{11144315-C1DF-4021-926B-A3FD86424F46}.Release|Any CPU.ActiveCfg = Release|Any CPU
		{11144315-C1DF-4021-926B-A3FD86424F46}.Release|Any CPU.Build.0 = Release|Any CPU
		{8CFBDE19-8205-423C-92E4-C2DE419F68A9}.Debug|Any CPU.ActiveCfg = Debug|Any CPU
		{8CFBDE19-8205-423C-92E4-C2DE419F68A9}.Debug|Any CPU.Build.0 = Debug|Any CPU
		{8CFBDE19-8205-423C-92E4-C2DE419F68A9}.Release|Any CPU.ActiveCfg = Release|Any CPU
		{8CFBDE19-8205-423C-92E4-C2DE419F68A9}.Release|Any CPU.Build.0 = Release|Any CPU
		{7830CE5C-BC24-463A-B347-CD2A1BAC20DB}.Debug|Any CPU.ActiveCfg = Debug|Any CPU
		{7830CE5C-BC24-463A-B347-CD2A1BAC20DB}.Debug|Any CPU.Build.0 = Debug|Any CPU
		{7830CE5C-BC24-463A-B347-CD2A1BAC20DB}.Release|Any CPU.ActiveCfg = Release|Any CPU
		{7830CE5C-BC24-463A-B347-CD2A1BAC20DB}.Release|Any CPU.Build.0 = Release|Any CPU
		{DDE04BD6-5B25-4273-8B27-815768A420CD}.Debug|Any CPU.ActiveCfg = Debug|Any CPU
		{DDE04BD6-5B25-4273-8B27-815768A420CD}.Debug|Any CPU.Build.0 = Debug|Any CPU
		{DDE04BD6-5B25-4273-8B27-815768A420CD}.Release|Any CPU.ActiveCfg = Release|Any CPU
		{DDE04BD6-5B25-4273-8B27-815768A420CD}.Release|Any CPU.Build.0 = Release|Any CPU
	EndGlobalSection
	GlobalSection(SolutionProperties) = preSolution
		HideSolutionNode = FALSE
	EndGlobalSection
	GlobalSection(ExtensibilityGlobals) = postSolution
		SolutionGuid = {AD8C2939-A1A0-4C6B-AB52-755DC6BC6C4C}
	EndGlobalSection
EndGlobal
